// !$*UTF8*$!
{
	archiveVersion = 1;
	classes = {
	};
	objectVersion = 46;
	objects = {

/* Begin PBXBuildFile section */
		E8FA26B21BAA706100D2CD4A /* main.m in Sources */ = {isa = PBXBuildFile; fileRef = E8FA26B11BAA706100D2CD4A /* main.m */; };
		E8FA26B51BAA706100D2CD4A /* AppDelegate.m in Sources */ = {isa = PBXBuildFile; fileRef = E8FA26B41BAA706100D2CD4A /* AppDelegate.m */; };
		E8FA26B81BAA706100D2CD4A /* ViewController.m in Sources */ = {isa = PBXBuildFile; fileRef = E8FA26B71BAA706100D2CD4A /* ViewController.m */; };
		E8FA26BB1BAA706100D2CD4A /* Main.storyboard in Resources */ = {isa = PBXBuildFile; fileRef = E8FA26B91BAA706100D2CD4A /* Main.storyboard */; };
		E8FA26BD1BAA706100D2CD4A /* Images.xcassets in Resources */ = {isa = PBXBuildFile; fileRef = E8FA26BC1BAA706100D2CD4A /* Images.xcassets */; };
		E8FA26C01BAA706100D2CD4A /* LaunchScreen.xib in Resources */ = {isa = PBXBuildFile; fileRef = E8FA26BE1BAA706100D2CD4A /* LaunchScreen.xib */; };
		E8FA26CC1BAA706100D2CD4A /* FGGAutoScrollViewTests.m in Sources */ = {isa = PBXBuildFile; fileRef = E8FA26CB1BAA706100D2CD4A /* FGGAutoScrollViewTests.m */; };
		E8FDFA861BAABB9300C20E27 /* FGGAutoScrollView.m in Sources */ = {isa = PBXBuildFile; fileRef = E8FDFA851BAABB9300C20E27 /* FGGAutoScrollView.m */; };
/* End PBXBuildFile section */

/* Begin PBXContainerItemProxy section */
		E8FA26C61BAA706100D2CD4A /* PBXContainerItemProxy */ = {
			isa = PBXContainerItemProxy;
			containerPortal = E8FA26A41BAA706100D2CD4A /* Project object */;
			proxyType = 1;
			remoteGlobalIDString = E8FA26AB1BAA706100D2CD4A;
			remoteInfo = FGGAutoScrollView;
		};
/* End PBXContainerItemProxy section */

/* Begin PBXFileReference section */
		E8FA26AC1BAA706100D2CD4A /* FGGAutoScrollView.app */ = {isa = PBXFileReference; explicitFileType = wrapper.application; includeInIndex = 0; path = FGGAutoScrollView.app; sourceTree = BUILT_PRODUCTS_DIR; };
		E8FA26B01BAA706100D2CD4A /* Info.plist */ = {isa = PBXFileReference; lastKnownFileType = text.plist.xml; path = Info.plist; sourceTree = "<group>"; };
		E8FA26B11BAA706100D2CD4A /* main.m */ = {isa = PBXFileReference; lastKnownFileType = sourcecode.c.objc; path = main.m; sourceTree = "<group>"; };
		E8FA26B31BAA706100D2CD4A /* AppDelegate.h */ = {isa = PBXFileReference; lastKnownFileType = sourcecode.c.h; path = AppDelegate.h; sourceTree = "<group>"; };
		E8FA26B41BAA706100D2CD4A /* AppDelegate.m */ = {isa = PBXFileReference; lastKnownFileType = sourcecode.c.objc; path = AppDelegate.m; sourceTree = "<group>"; };
		E8FA26B61BAA706100D2CD4A /* ViewController.h */ = {isa = PBXFileReference; lastKnownFileType = sourcecode.c.h; path = ViewController.h; sourceTree = "<group>"; };
		E8FA26B71BAA706100D2CD4A /* ViewController.m */ = {isa = PBXFileReference; lastKnownFileType = sourcecode.c.objc; path = ViewController.m; sourceTree = "<group>"; };
		E8FA26BA1BAA706100D2CD4A /* Base */ = {isa = PBXFileReference; lastKnownFileType = file.storyboard; name = Base; path = Base.lproj/Main.storyboard; sourceTree = "<group>"; };
		E8FA26BC1BAA706100D2CD4A /* Images.xcassets */ = {isa = PBXFileReference; lastKnownFileType = folder.assetcatalog; path = Images.xcassets; sourceTree = "<group>"; };
		E8FA26BF1BAA706100D2CD4A /* Base */ = {isa = PBXFileReference; lastKnownFileType = file.xib; name = Base; path = Base.lproj/LaunchScreen.xib; sourceTree = "<group>"; };
		E8FA26C51BAA706100D2CD4A /* FGGAutoScrollViewTests.xctest */ = {isa = PBXFileReference; explicitFileType = wrapper.cfbundle; includeInIndex = 0; path = FGGAutoScrollViewTests.xctest; sourceTree = BUILT_PRODUCTS_DIR; };
		E8FA26CA1BAA706100D2CD4A /* Info.plist */ = {isa = PBXFileReference; lastKnownFileType = text.plist.xml; path = Info.plist; sourceTree = "<group>"; };
		E8FA26CB1BAA706100D2CD4A /* FGGAutoScrollViewTests.m */ = {isa = PBXFileReference; lastKnownFileType = sourcecode.c.objc; path = FGGAutoScrollViewTests.m; sourceTree = "<group>"; };
		E8FDFA841BAABB9300C20E27 /* FGGAutoScrollView.h */ = {isa = PBXFileReference; fileEncoding = 4; lastKnownFileType = sourcecode.c.h; path = FGGAutoScrollView.h; sourceTree = "<group>"; };
		E8FDFA851BAABB9300C20E27 /* FGGAutoScrollView.m */ = {isa = PBXFileReference; fileEncoding = 4; lastKnownFileType = sourcecode.c.objc; path = FGGAutoScrollView.m; sourceTree = "<group>"; };
/* End PBXFileReference section */

/* Begin PBXFrameworksBuildPhase section */
		E8FA26A91BAA706100D2CD4A /* Frameworks */ = {
			isa = PBXFrameworksBuildPhase;
			buildActionMask = 2147483647;
			files = (
			);
			runOnlyForDeploymentPostprocessing = 0;
		};
		E8FA26C21BAA706100D2CD4A /* Frameworks */ = {
			isa = PBXFrameworksBuildPhase;
			buildActionMask = 2147483647;
			files = (
			);
			runOnlyForDeploymentPostprocessing = 0;
		};
/* End PBXFrameworksBuildPhase section */

/* Begin PBXGroup section */
		E8FA26A31BAA706100D2CD4A = {
			isa = PBXGroup;
			children = (
				E8FDFA831BAABB9300C20E27 /* FGGAutomaticScrollView */,
				E8FA26AE1BAA706100D2CD4A /* FGGAutoScrollView */,
				E8FA26C81BAA706100D2CD4A /* FGGAutoScrollViewTests */,
				E8FA26AD1BAA706100D2CD4A /* Products */,
			);
			sourceTree = "<group>";
		};
		E8FA26AD1BAA706100D2CD4A /* Products */ = {
			isa = PBXGroup;
			children = (
				E8FA26AC1BAA706100D2CD4A /* FGGAutoScrollView.app */,
				E8FA26C51BAA706100D2CD4A /* FGGAutoScrollViewTests.xctest */,
			);
			name = Products;
			sourceTree = "<group>";
		};
		E8FA26AE1BAA706100D2CD4A /* FGGAutoScrollView */ = {
			isa = PBXGroup;
			children = (
				E8FA26B31BAA706100D2CD4A /* AppDelegate.h */,
				E8FA26B41BAA706100D2CD4A /* AppDelegate.m */,
				E8FA26B61BAA706100D2CD4A /* ViewController.h */,
				E8FA26B71BAA706100D2CD4A /* ViewController.m */,
				E8FA26B91BAA706100D2CD4A /* Main.storyboard */,
				E8FA26BC1BAA706100D2CD4A /* Images.xcassets */,
				E8FA26BE1BAA706100D2CD4A /* LaunchScreen.xib */,
				E8FA26AF1BAA706100D2CD4A /* Supporting Files */,
			);
			path = FGGAutoScrollView;
			sourceTree = "<group>";
		};
		E8FA26AF1BAA706100D2CD4A /* Supporting Files */ = {
			isa = PBXGroup;
			children = (
				E8FA26B01BAA706100D2CD4A /* Info.plist */,
				E8FA26B11BAA706100D2CD4A /* main.m */,
			);
			name = "Supporting Files";
			sourceTree = "<group>";
		};
		E8FA26C81BAA706100D2CD4A /* FGGAutoScrollViewTests */ = {
			isa = PBXGroup;
			children = (
				E8FA26CB1BAA706100D2CD4A /* FGGAutoScrollViewTests.m */,
				E8FA26C91BAA706100D2CD4A /* Supporting Files */,
			);
			path = FGGAutoScrollViewTests;
			sourceTree = "<group>";
		};
		E8FA26C91BAA706100D2CD4A /* Supporting Files */ = {
			isa = PBXGroup;
			children = (
				E8FA26CA1BAA706100D2CD4A /* Info.plist */,
			);
			name = "Supporting Files";
			sourceTree = "<group>";
		};
		E8FDFA831BAABB9300C20E27 /* FGGAutomaticScrollView */ = {
			isa = PBXGroup;
			children = (
				E8FDFA841BAABB9300C20E27 /* FGGAutoScrollView.h */,
				E8FDFA851BAABB9300C20E27 /* FGGAutoScrollView.m */,
			);
			path = FGGAutomaticScrollView;
			sourceTree = "<group>";
		};
/* End PBXGroup section */

/* Begin PBXNativeTarget section */
		E8FA26AB1BAA706100D2CD4A /* FGGAutoScrollView */ = {
			isa = PBXNativeTarget;
			buildConfigurationList = E8FA26CF1BAA706100D2CD4A /* Build configuration list for PBXNativeTarget "FGGAutoScrollView" */;
			buildPhases = (
				E8FA26A81BAA706100D2CD4A /* Sources */,
				E8FA26A91BAA706100D2CD4A /* Frameworks */,
				E8FA26AA1BAA706100D2CD4A /* Resources */,
			);
			buildRules = (
			);
			dependencies = (
			);
			name = FGGAutoScrollView;
			productName = FGGAutoScrollView;
			productReference = E8FA26AC1BAA706100D2CD4A /* FGGAutoScrollView.app */;
			productType = "com.apple.product-type.application";
		};
		E8FA26C41BAA706100D2CD4A /* FGGAutoScrollViewTests */ = {
			isa = PBXNativeTarget;
			buildConfigurationList = E8FA26D21BAA706100D2CD4A /* Build configuration list for PBXNativeTarget "FGGAutoScrollViewTests" */;
			buildPhases = (
				E8FA26C11BAA706100D2CD4A /* Sources */,
				E8FA26C21BAA706100D2CD4A /* Frameworks */,
				E8FA26C31BAA706100D2CD4A /* Resources */,
			);
			buildRules = (
			);
			dependencies = (
				E8FA26C71BAA706100D2CD4A /* PBXTargetDependency */,
			);
			name = FGGAutoScrollViewTests;
			productName = FGGAutoScrollViewTests;
			productReference = E8FA26C51BAA706100D2CD4A /* FGGAutoScrollViewTests.xctest */;
			productType = "com.apple.product-type.bundle.unit-test";
		};
/* End PBXNativeTarget section */

/* Begin PBXProject section */
		E8FA26A41BAA706100D2CD4A /* Project object */ = {
			isa = PBXProject;
			attributes = {
				LastUpgradeCheck = 0630;
				ORGANIZATIONNAME = "夏桂峰";
				TargetAttributes = {
					E8FA26AB1BAA706100D2CD4A = {
						CreatedOnToolsVersion = 6.3;
					};
					E8FA26C41BAA706100D2CD4A = {
						CreatedOnToolsVersion = 6.3;
						TestTargetID = E8FA26AB1BAA706100D2CD4A;
					};
				};
			};
			buildConfigurationList = E8FA26A71BAA706100D2CD4A /* Build configuration list for PBXProject "FGGAutoScrollView" */;
			compatibilityVersion = "Xcode 3.2";
			developmentRegion = English;
			hasScannedForEncodings = 0;
			knownRegions = (
				en,
				Base,
			);
			mainGroup = E8FA26A31BAA706100D2CD4A;
			productRefGroup = E8FA26AD1BAA706100D2CD4A /* Products */;
			projectDirPath = "";
			projectRoot = "";
			targets = (
				E8FA26AB1BAA706100D2CD4A /* FGGAutoScrollView */,
				E8FA26C41BAA706100D2CD4A /* FGGAutoScrollViewTests */,
			);
		};
/* End PBXProject section */

/* Begin PBXResourcesBuildPhase section */
		E8FA26AA1BAA706100D2CD4A /* Resources */ = {
			isa = PBXResourcesBuildPhase;
			buildActionMask = 2147483647;
			files = (
				E8FA26BB1BAA706100D2CD4A /* Main.storyboard in Resources */,
				E8FA26C01BAA706100D2CD4A /* LaunchScreen.xib in Resources */,
				E8FA26BD1BAA706100D2CD4A /* Images.xcassets in Resources */,
			);
			runOnlyForDeploymentPostprocessing = 0;
		};
		E8FA26C31BAA706100D2CD4A /* Resources */ = {
			isa = PBXResourcesBuildPhase;
			buildActionMask = 2147483647;
			files = (
			);
			runOnlyForDeploymentPostprocessing = 0;
		};
/* End PBXResourcesBuildPhase section */

/* Begin PBXSourcesBuildPhase section */
		E8FA26A81BAA706100D2CD4A /* Sources */ = {
			isa = PBXSourcesBuildPhase;
			buildActionMask = 2147483647;
			files = (
				E8FA26B81BAA706100D2CD4A /* ViewController.m in Sources */,
				E8FDFA861BAABB9300C20E27 /* FGGAutoScrollView.m in Sources */,
				E8FA26B51BAA706100D2CD4A /* AppDelegate.m in Sources */,
				E8FA26B21BAA706100D2CD4A /* main.m in Sources */,
			);
			runOnlyForDeploymentPostprocessing = 0;
		};
		E8FA26C11BAA706100D2CD4A /* Sources */ = {
			isa = PBXSourcesBuildPhase;
			buildActionMask = 2147483647;
			files = (
				E8FA26CC1BAA706100D2CD4A /* FGGAutoScrollViewTests.m in Sources */,
			);
			runOnlyForDeploymentPostprocessing = 0;
		};
/* End PBXSourcesBuildPhase section */

/* Begin PBXTargetDependency section */
		E8FA26C71BAA706100D2CD4A /* PBXTargetDependency */ = {
			isa = PBXTargetDependency;
			target = E8FA26AB1BAA706100D2CD4A /* FGGAutoScrollView */;
			targetProxy = E8FA26C61BAA706100D2CD4A /* PBXContainerItemProxy */;
		};
/* End PBXTargetDependency section */

/* Begin PBXVariantGroup section */
		E8FA26B91BAA706100D2CD4A /* Main.storyboard */ = {
			isa = PBXVariantGroup;
			children = (
				E8FA26BA1BAA706100D2CD4A /* Base */,
			);
			name = Main.storyboard;
			sourceTree = "<group>";
		};
		E8FA26BE1BAA706100D2CD4A /* LaunchScreen.xib */ = {
			isa = PBXVariantGroup;
			children = (
				E8FA26BF1BAA706100D2CD4A /* Base */,
			);
			name = LaunchScreen.xib;
			sourceTree = "<group>";
		};
/* End PBXVariantGroup section */

/* Begin XCBuildConfiguration section */
		E8FA26CD1BAA706100D2CD4A /* Debug */ = {
			isa = XCBuildConfiguration;
			buildSettings = {
				ALWAYS_SEARCH_USER_PATHS = NO;
				CLANG_CXX_LANGUAGE_STANDARD = "gnu++0x";
				CLANG_CXX_LIBRARY = "libc++";
				CLANG_ENABLE_MODULES = YES;
				CLANG_ENABLE_OBJC_ARC = YES;
				CLANG_WARN_BOOL_CONVERSION = YES;
				CLANG_WARN_CONSTANT_CONVERSION = YES;
				CLANG_WARN_DIRECT_OBJC_ISA_USAGE = YES_ERROR;
				CLANG_WARN_EMPTY_BODY = YES;
				CLANG_WARN_ENUM_CONVERSION = YES;
				CLANG_WARN_INT_CONVERSION = YES;
				CLANG_WARN_OBJC_ROOT_CLASS = YES_ERROR;
				CLANG_WARN_UNREACHABLE_CODE = YES;
				CLANG_WARN__DUPLICATE_METHOD_MATCH = YES;
				"CODE_SIGN_IDENTITY[sdk=iphoneos*]" = "iPhone Developer";
				COPY_PHASE_STRIP = NO;
				DEBUG_INFORMATION_FORMAT = "dwarf-with-dsym";
				ENABLE_STRICT_OBJC_MSGSEND = YES;
				GCC_C_LANGUAGE_STANDARD = gnu99;
				GCC_DYNAMIC_NO_PIC = NO;
				GCC_NO_COMMON_BLOCKS = YES;
				GCC_OPTIMIZATION_LEVEL = 0;
				GCC_PREPROCESSOR_DEFINITIONS = (
					"DEBUG=1",
					"$(inherited)",
				);
				GCC_SYMBOLS_PRIVATE_EXTERN = NO;
				GCC_WARN_64_TO_32_BIT_CONVERSION = YES;
				GCC_WARN_ABOUT_RETURN_TYPE = YES_ERROR;
				GCC_WARN_UNDECLARED_SELECTOR = YES;
				GCC_WARN_UNINITIALIZED_AUTOS = YES_AGGRESSIVE;
				GCC_WARN_UNUSED_FUNCTION = YES;
				GCC_WARN_UNUSED_VARIABLE = YES;
				IPHONEOS_DEPLOYMENT_TARGET = 8.3;
				MTL_ENABLE_DEBUG_INFO = YES;
				ONLY_ACTIVE_ARCH = YES;
				SDKROOT = iphoneos;
			};
			name = Debug;
		};
		E8FA26CE1BAA706100D2CD4A /* Release */ = {
			isa = XCBuildConfiguration;
			buildSettings = {
				ALWAYS_SEARCH_USER_PATHS = NO;
				CLANG_CXX_LANGUAGE_STANDARD = "gnu++0x";
				CLANG_CXX_LIBRARY = "libc++";
				CLANG_ENABLE_MODULES = YES;
				CLANG_ENABLE_OBJC_ARC = YES;
				CLANG_WARN_BOOL_CONVERSION = YES;
				CLANG_WARN_CONSTANT_CONVERSION = YES;
				CLANG_WARN_DIRECT_OBJC_ISA_USAGE = YES_ERROR;
				CLANG_WARN_EMPTY_BODY = YES;
				CLANG_WARN_ENUM_CONVERSION = YES;
				CLANG_WARN_INT_CONVERSION = YES;
				CLANG_WARN_OBJC_ROOT_CLASS = YES_ERROR;
				CLANG_WARN_UNREACHABLE_CODE = YES;
				CLANG_WARN__DUPLICATE_METHOD_MATCH = YES;
				"CODE_SIGN_IDENTITY[sdk=iphoneos*]" = "iPhone Developer";
				COPY_PHASE_STRIP = NO;
				DEBUG_INFORMATION_FORMAT = "dwarf-with-dsym";
				ENABLE_NS_ASSERTIONS = NO;
				ENABLE_STRICT_OBJC_MSGSEND = YES;
				GCC_C_LANGUAGE_STANDARD = gnu99;
				GCC_NO_COMMON_BLOCKS = YES;
				GCC_WARN_64_TO_32_BIT_CONVERSION = YES;
				GCC_WARN_ABOUT_RETURN_TYPE = YES_ERROR;
				GCC_WARN_UNDECLARED_SELECTOR = YES;
				GCC_WARN_UNINITIALIZED_AUTOS = YES_AGGRESSIVE;
				GCC_WARN_UNUSED_FUNCTION = YES;
				GCC_WARN_UNUSED_VARIABLE = YES;
				IPHONEOS_DEPLOYMENT_TARGET = 8.3;
				MTL_ENABLE_DEBUG_INFO = NO;
				SDKROOT = iphoneos;
				VALIDATE_PRODUCT = YES;
			};
			name = Release;
		};
		E8FA26D01BAA706100D2CD4A /* Debug */ = {
			isa = XCBuildConfiguration;
			buildSettings = {
				ASSETCATALOG_COMPILER_APPICON_NAME = AppIcon;
				INFOPLIST_FILE = FGGAutoScrollView/Info.plist;
				LD_RUNPATH_SEARCH_PATHS = "$(inherited) @executable_path/Frameworks";
				PRODUCT_NAME = "$(TARGET_NAME)";
			};
			name = Debug;
		};
		E8FA26D11BAA706100D2CD4A /* Release */ = {
			isa = XCBuildConfiguration;
			buildSettings = {
				ASSETCATALOG_COMPILER_APPICON_NAME = AppIcon;
				INFOPLIST_FILE = FGGAutoScrollView/Info.plist;
				LD_RUNPATH_SEARCH_PATHS = "$(inherited) @executable_path/Frameworks";
				PRODUCT_NAME = "$(TARGET_NAME)";
			};
			name = Release;
		};
		E8FA26D31BAA706100D2CD4A /* Debug */ = {
			isa = XCBuildConfiguration;
			buildSettings = {
				BUNDLE_LOADER = "$(TEST_HOST)";
				FRAMEWORK_SEARCH_PATHS = (
					"$(SDKROOT)/Developer/Library/Frameworks",
					"$(inherited)",
				);
				GCC_PREPROCESSOR_DEFINITIONS = (
					"DEBUG=1",
					"$(inherited)",
				);
				INFOPLIST_FILE = FGGAutoScrollViewTests/Info.plist;
				LD_RUNPATH_SEARCH_PATHS = "$(inherited) @executable_path/Frameworks @loader_path/Frameworks";
				PRODUCT_NAME = "$(TARGET_NAME)";
				TEST_HOST = "$(BUILT_PRODUCTS_DIR)/FGGAutoScrollView.app/FGGAutoScrollView";
			};
			name = Debug;
		};
		E8FA26D41BAA706100D2CD4A /* Release */ = {
			isa = XCBuildConfiguration;
			buildSettings = {
				BUNDLE_LOADER = "$(TEST_HOST)";
				FRAMEWORK_SEARCH_PATHS = (
					"$(SDKROOT)/Developer/Library/Frameworks",
					"$(inherited)",
				);
				INFOPLIST_FILE = FGGAutoScrollViewTests/Info.plist;
				LD_RUNPATH_SEARCH_PATHS = "$(inherited) @executable_path/Frameworks @loader_path/Frameworks";
				PRODUCT_NAME = "$(TARGET_NAME)";
				TEST_HOST = "$(BUILT_PRODUCTS_DIR)/FGGAutoScrollView.app/FGGAutoScrollView";
			};
			name = Release;
		};
/* End XCBuildConfiguration section */

/* Begin XCConfigurationList section */
		E8FA26A71BAA706100D2CD4A /* Build configuration list for PBXProject "FGGAutoScrollView" */ = {
			isa = XCConfigurationList;
			buildConfigurations = (
				E8FA26CD1BAA706100D2CD4A /* Debug */,
				E8FA26CE1BAA706100D2CD4A /* Release */,
			);
			defaultConfigurationIsVisible = 0;
			defaultConfigurationName = Release;
		};
		E8FA26CF1BAA706100D2CD4A /* Build configuration list for PBXNativeTarget "FGGAutoScrollView" */ = {
			isa = XCConfigurationList;
			buildConfigurations = (
				E8FA26D01BAA706100D2CD4A /* Debug */,
				E8FA26D11BAA706100D2CD4A /* Release */,
			);
			defaultConfigurationIsVisible = 0;
			defaultConfigurationName = Release;
		};
		E8FA26D21BAA706100D2CD4A /* Build configuration list for PBXNativeTarget "FGGAutoScrollViewTests" */ = {
			isa = XCConfigurationList;
			buildConfigurations = (
				E8FA26D31BAA706100D2CD4A /* Debug */,
				E8FA26D41BAA706100D2CD4A /* Release */,
			);
			defaultConfigurationIsVisible = 0;
			defaultConfigurationName = Release;
		};
/* End XCConfigurationList section */
	};
	rootObject = E8FA26A41BAA706100D2CD4A /* Project object */;
}
